// !$*UTF8*$!
{
	archiveVersion = 1;
	classes = {
	};
	objectVersion = 55;
	objects = {

/* Begin PBXBuildFile section */
		931858ED279EB7A8009B0B6D /* AppDelegate.swift in Sources */ = {isa = PBXBuildFile; fileRef = 931858EC279EB7A8009B0B6D /* AppDelegate.swift */; };
		931858F6279EB7AA009B0B6D /* Assets.xcassets in Resources */ = {isa = PBXBuildFile; fileRef = 931858F5279EB7AA009B0B6D /* Assets.xcassets */; };
		931858F9279EB7AA009B0B6D /* LaunchScreen.storyboard in Resources */ = {isa = PBXBuildFile; fileRef = 931858F7279EB7AA009B0B6D /* LaunchScreen.storyboard */; };
		9348E4B227A9806A009C6FEA /* Coin.swift in Sources */ = {isa = PBXBuildFile; fileRef = 9348E4B127A9806A009C6FEA /* Coin.swift */; };
		939A867827A2F26E00397E28 /* MenuViewController.swift in Sources */ = {isa = PBXBuildFile; fileRef = 939A867627A2F26E00397E28 /* MenuViewController.swift */; };
		939A867927A2F26E00397E28 /* MenuViewController.xib in Resources */ = {isa = PBXBuildFile; fileRef = 939A867727A2F26E00397E28 /* MenuViewController.xib */; };
		939A867C27A2F2DC00397E28 /* MainViewController.swift in Sources */ = {isa = PBXBuildFile; fileRef = 939A867A27A2F2DC00397E28 /* MainViewController.swift */; };
		939A867D27A2F2DC00397E28 /* MainViewController.xib in Resources */ = {isa = PBXBuildFile; fileRef = 939A867B27A2F2DC00397E28 /* MainViewController.xib */; };
		93CEFA76279EC92000E5DA23 /* coin.usdz in Resources */ = {isa = PBXBuildFile; fileRef = 93CEFA75279EC91F00E5DA23 /* coin.usdz */; };
/* End PBXBuildFile section */

/* Begin PBXFileReference section */
		931858E9279EB7A8009B0B6D /* ARCoins.app */ = {isa = PBXFileReference; explicitFileType = wrapper.application; includeInIndex = 0; path = ARCoins.app; sourceTree = BUILT_PRODUCTS_DIR; };
		931858EC279EB7A8009B0B6D /* AppDelegate.swift */ = {isa = PBXFileReference; lastKnownFileType = sourcecode.swift; path = AppDelegate.swift; sourceTree = "<group>"; };
		931858F5279EB7AA009B0B6D /* Assets.xcassets */ = {isa = PBXFileReference; lastKnownFileType = folder.assetcatalog; path = Assets.xcassets; sourceTree = "<group>"; };
		931858F8279EB7AA009B0B6D /* Base */ = {isa = PBXFileReference; lastKnownFileType = file.storyboard; name = Base; path = Base.lproj/LaunchScreen.storyboard; sourceTree = "<group>"; };
		9348E4B127A9806A009C6FEA /* Coin.swift */ = {isa = PBXFileReference; lastKnownFileType = sourcecode.swift; path = Coin.swift; sourceTree = "<group>"; };
		9388B98727A2B26100E11592 /* Info.plist */ = {isa = PBXFileReference; lastKnownFileType = text.plist; path = Info.plist; sourceTree = "<group>"; };
		939A867627A2F26E00397E28 /* MenuViewController.swift */ = {isa = PBXFileReference; lastKnownFileType = sourcecode.swift; path = MenuViewController.swift; sourceTree = "<group>"; };
		939A867727A2F26E00397E28 /* MenuViewController.xib */ = {isa = PBXFileReference; lastKnownFileType = file.xib; path = MenuViewController.xib; sourceTree = "<group>"; };
		939A867A27A2F2DC00397E28 /* MainViewController.swift */ = {isa = PBXFileReference; lastKnownFileType = sourcecode.swift; path = MainViewController.swift; sourceTree = "<group>"; };
		939A867B27A2F2DC00397E28 /* MainViewController.xib */ = {isa = PBXFileReference; lastKnownFileType = file.xib; path = MainViewController.xib; sourceTree = "<group>"; };
		93CEFA75279EC91F00E5DA23 /* coin.usdz */ = {isa = PBXFileReference; lastKnownFileType = file.usdz; path = coin.usdz; sourceTree = "<group>"; };
/* End PBXFileReference section */

/* Begin PBXFrameworksBuildPhase section */
		931858E6279EB7A8009B0B6D /* Frameworks */ = {
			isa = PBXFrameworksBuildPhase;
			buildActionMask = 2147483647;
			files = (
			);
			runOnlyForDeploymentPostprocessing = 0;
		};
/* End PBXFrameworksBuildPhase section */

/* Begin PBXGroup section */
		931858E0279EB7A8009B0B6D = {
			isa = PBXGroup;
			children = (
				931858EB279EB7A8009B0B6D /* ARCoins */,
				931858EA279EB7A8009B0B6D /* Products */,
			);
			sourceTree = "<group>";
		};
		931858EA279EB7A8009B0B6D /* Products */ = {
			isa = PBXGroup;
			children = (
				931858E9279EB7A8009B0B6D /* ARCoins.app */,
			);
			name = Products;
			sourceTree = "<group>";
		};
		931858EB279EB7A8009B0B6D /* ARCoins */ = {
			isa = PBXGroup;
			children = (
				9348E4B127A9806A009C6FEA /* Coin.swift */,
				939A867A27A2F2DC00397E28 /* MainViewController.swift */,
				939A867B27A2F2DC00397E28 /* MainViewController.xib */,
				9388B98727A2B26100E11592 /* Info.plist */,
				931858EC279EB7A8009B0B6D /* AppDelegate.swift */,
				931858F5279EB7AA009B0B6D /* Assets.xcassets */,
				931858F7279EB7AA009B0B6D /* LaunchScreen.storyboard */,
				93CEFA75279EC91F00E5DA23 /* coin.usdz */,
				939A867627A2F26E00397E28 /* MenuViewController.swift */,
				939A867727A2F26E00397E28 /* MenuViewController.xib */,
			);
			path = ARCoins;
			sourceTree = "<group>";
		};
/* End PBXGroup section */

/* Begin PBXNativeTarget section */
		931858E8279EB7A8009B0B6D /* ARCoins */ = {
			isa = PBXNativeTarget;
			buildConfigurationList = 931858FC279EB7AA009B0B6D /* Build configuration list for PBXNativeTarget "ARCoins" */;
			buildPhases = (
				931858E5279EB7A8009B0B6D /* Sources */,
				931858E6279EB7A8009B0B6D /* Frameworks */,
				931858E7279EB7A8009B0B6D /* Resources */,
			);
			buildRules = (
			);
			dependencies = (
			);
			name = ARCoins;
			productName = ARCoins;
			productReference = 931858E9279EB7A8009B0B6D /* ARCoins.app */;
			productType = "com.apple.product-type.application";
		};
/* End PBXNativeTarget section */

/* Begin PBXProject section */
		931858E1279EB7A8009B0B6D /* Project object */ = {
			isa = PBXProject;
			attributes = {
				BuildIndependentTargetsInParallel = 1;
				LastSwiftUpdateCheck = 1320;
				LastUpgradeCheck = 1320;
				TargetAttributes = {
					931858E8279EB7A8009B0B6D = {
						CreatedOnToolsVersion = 13.2.1;
					};
				};
			};
			buildConfigurationList = 931858E4279EB7A8009B0B6D /* Build configuration list for PBXProject "ARCoins" */;
			compatibilityVersion = "Xcode 13.0";
			developmentRegion = en;
			hasScannedForEncodings = 0;
			knownRegions = (
				en,
				Base,
			);
			mainGroup = 931858E0279EB7A8009B0B6D;
			productRefGroup = 931858EA279EB7A8009B0B6D /* Products */;
			projectDirPath = "";
			projectRoot = "";
			targets = (
				931858E8279EB7A8009B0B6D /* ARCoins */,
			);
		};
/* End PBXProject section */

/* Begin PBXResourcesBuildPhase section */
		931858E7279EB7A8009B0B6D /* Resources */ = {
			isa = PBXResourcesBuildPhase;
			buildActionMask = 2147483647;
			files = (
				931858F9279EB7AA009B0B6D /* LaunchScreen.storyboard in Resources */,
				931858F6279EB7AA009B0B6D /* Assets.xcassets in Resources */,
				939A867D27A2F2DC00397E28 /* MainViewController.xib in Resources */,
				939A867927A2F26E00397E28 /* MenuViewController.xib in Resources */,
				93CEFA76279EC92000E5DA23 /* coin.usdz in Resources */,
			);
			runOnlyForDeploymentPostprocessing = 0;
		};
/* End PBXResourcesBuildPhase section */

/* Begin PBXSourcesBuildPhase section */
		931858E5279EB7A8009B0B6D /* Sources */ = {
			isa = PBXSourcesBuildPhase;
			buildActionMask = 2147483647;
			files = (
				939A867C27A2F2DC00397E28 /* MainViewController.swift in Sources */,
				939A867827A2F26E00397E28 /* MenuViewController.swift in Sources */,
				9348E4B227A9806A009C6FEA /* Coin.swift in Sources */,
				931858ED279EB7A8009B0B6D /* AppDelegate.swift in Sources */,
			);
			runOnlyForDeploymentPostprocessing = 0;
		};
/* End PBXSourcesBuildPhase section */

/* Begin PBXVariantGroup section */
		931858F7279EB7AA009B0B6D /* LaunchScreen.storyboard */ = {
			isa = PBXVariantGroup;
			children = (
				931858F8279EB7AA009B0B6D /* Base */,
			);
			name = LaunchScreen.storyboard;
			sourceTree = "<group>";
		};
/* End PBXVariantGroup section */

/* Begin XCBuildConfiguration section */
		931858FA279EB7AA009B0B6D /* Debug */ = {
			isa = XCBuildConfiguration;
			buildSettings = {
				ALWAYS_SEARCH_USER_PATHS = NO;
				CLANG_ANALYZER_NONNULL = YES;
				CLANG_ANALYZER_NUMBER_OBJECT_CONVERSION = YES_AGGRESSIVE;
				CLANG_CXX_LANGUAGE_STANDARD = "gnu++17";
				CLANG_CXX_LIBRARY = "libc++";
				CLANG_ENABLE_MODULES = YES;
				CLANG_ENABLE_OBJC_ARC = YES;
				CLANG_ENABLE_OBJC_WEAK = YES;
				CLANG_WARN_BLOCK_CAPTURE_AUTORELEASING = YES;
				CLANG_WARN_BOOL_CONVERSION = YES;
				CLANG_WARN_COMMA = YES;
				CLANG_WARN_CONSTANT_CONVERSION = YES;
				CLANG_WARN_DEPRECATED_OBJC_IMPLEMENTATIONS = YES;
				CLANG_WARN_DIRECT_OBJC_ISA_USAGE = YES_ERROR;
				CLANG_WARN_DOCUMENTATION_COMMENTS = YES;
				CLANG_WARN_EMPTY_BODY = YES;
				CLANG_WARN_ENUM_CONVERSION = YES;
				CLANG_WARN_INFINITE_RECURSION = YES;
				CLANG_WARN_INT_CONVERSION = YES;
				CLANG_WARN_NON_LITERAL_NULL_CONVERSION = YES;
				CLANG_WARN_OBJC_IMPLICIT_RETAIN_SELF = YES;
				CLANG_WARN_OBJC_LITERAL_CONVERSION = YES;
				CLANG_WARN_OBJC_ROOT_CLASS = YES_ERROR;
				CLANG_WARN_QUOTED_INCLUDE_IN_FRAMEWORK_HEADER = YES;
				CLANG_WARN_RANGE_LOOP_ANALYSIS = YES;
				CLANG_WARN_STRICT_PROTOTYPES = YES;
				CLANG_WARN_SUSPICIOUS_MOVE = YES;
				CLANG_WARN_UNGUARDED_AVAILABILITY = YES_AGGRESSIVE;
				CLANG_WARN_UNREACHABLE_CODE = YES;
				CLANG_WARN__DUPLICATE_METHOD_MATCH = YES;
				COPY_PHASE_STRIP = NO;
				DEBUG_INFORMATION_FORMAT = dwarf;
				ENABLE_STRICT_OBJC_MSGSEND = YES;
				ENABLE_TESTABILITY = YES;
				GCC_C_LANGUAGE_STANDARD = gnu11;
				GCC_DYNAMIC_NO_PIC = NO;
				GCC_NO_COMMON_BLOCKS = YES;
				GCC_OPTIMIZATION_LEVEL = 0;
				GCC_PREPROCESSOR_DEFINITIONS = (
					"DEBUG=1",
					"$(inherited)",
				);
				GCC_WARN_64_TO_32_BIT_CONVERSION = YES;
				GCC_WARN_ABOUT_RETURN_TYPE = YES_ERROR;
				GCC_WARN_UNDECLARED_SELECTOR = YES;
				GCC_WARN_UNINITIALIZED_AUTOS = YES_AGGRESSIVE;
				GCC_WARN_UNUSED_FUNCTION = YES;
				GCC_WARN_UNUSED_VARIABLE = YES;
				IPHONEOS_DEPLOYMENT_TARGET = 15.2;
				MTL_ENABLE_DEBUG_INFO = INCLUDE_SOURCE;
				MTL_FAST_MATH = YES;
				ONLY_ACTIVE_ARCH = YES;
				SDKROOT = iphoneos;
				SWIFT_ACTIVE_COMPILATION_CONDITIONS = DEBUG;
				SWIFT_OPTIMIZATION_LEVEL = "-Onone";
			};
			name = Debug;
		};
		931858FB279EB7AA009B0B6D /* Release */ = {
			isa = XCBuildConfiguration;
			buildSettings = {
				ALWAYS_SEARCH_USER_PATHS = NO;
				CLANG_ANALYZER_NONNULL = YES;
				CLANG_ANALYZER_NUMBER_OBJECT_CONVERSION = YES_AGGRESSIVE;
				CLANG_CXX_LANGUAGE_STANDARD = "gnu++17";
				CLANG_CXX_LIBRARY = "libc++";
				CLANG_ENABLE_MODULES = YES;
				CLANG_ENABLE_OBJC_ARC = YES;
				CLANG_ENABLE_OBJC_WEAK = YES;
				CLANG_WARN_BLOCK_CAPTURE_AUTORELEASING = YES;
				CLANG_WARN_BOOL_CONVERSION = YES;
				CLANG_WARN_COMMA = YES;
				CLANG_WARN_CONSTANT_CONVERSION = YES;
				CLANG_WARN_DEPRECATED_OBJC_IMPLEMENTATIONS = YES;
				CLANG_WARN_DIRECT_OBJC_ISA_USAGE = YES_ERROR;
				CLANG_WARN_DOCUMENTATION_COMMENTS = YES;
				CLANG_WARN_EMPTY_BODY = YES;
				CLANG_WARN_ENUM_CONVERSION = YES;
				CLANG_WARN_INFINITE_RECURSION = YES;
				CLANG_WARN_INT_CONVERSION = YES;
				CLANG_WARN_NON_LITERAL_NULL_CONVERSION = YES;
				CLANG_WARN_OBJC_IMPLICIT_RETAIN_SELF = YES;
				CLANG_WARN_OBJC_LITERAL_CONVERSION = YES;
				CLANG_WARN_OBJC_ROOT_CLASS = YES_ERROR;
				CLANG_WARN_QUOTED_INCLUDE_IN_FRAMEWORK_HEADER = YES;
				CLANG_WARN_RANGE_LOOP_ANALYSIS = YES;
				CLANG_WARN_STRICT_PROTOTYPES = YES;
				CLANG_WARN_SUSPICIOUS_MOVE = YES;
				CLANG_WARN_UNGUARDED_AVAILABILITY = YES_AGGRESSIVE;
				CLANG_WARN_UNREACHABLE_CODE = YES;
				CLANG_WARN__DUPLICATE_METHOD_MATCH = YES;
				COPY_PHASE_STRIP = NO;
				DEBUG_INFORMATION_FORMAT = "dwarf-with-dsym";
				ENABLE_NS_ASSERTIONS = NO;
				ENABLE_STRICT_OBJC_MSGSEND = YES;
				GCC_C_LANGUAGE_STANDARD = gnu11;
				GCC_NO_COMMON_BLOCKS = YES;
				GCC_WARN_64_TO_32_BIT_CONVERSION = YES;
				GCC_WARN_ABOUT_RETURN_TYPE = YES_ERROR;
				GCC_WARN_UNDECLARED_SELECTOR = YES;
				GCC_WARN_UNINITIALIZED_AUTOS = YES_AGGRESSIVE;
				GCC_WARN_UNUSED_FUNCTION = YES;
				GCC_WARN_UNUSED_VARIABLE = YES;
				IPHONEOS_DEPLOYMENT_TARGET = 15.2;
				MTL_ENABLE_DEBUG_INFO = NO;
				MTL_FAST_MATH = YES;
				SDKROOT = iphoneos;
				SWIFT_COMPILATION_MODE = wholemodule;
				SWIFT_OPTIMIZATION_LEVEL = "-O";
				VALIDATE_PRODUCT = YES;
			};
			name = Release;
		};
		931858FD279EB7AA009B0B6D /* Debug */ = {
			isa = XCBuildConfiguration;
			buildSettings = {
				ASSETCATALOG_COMPILER_APPICON_NAME = AppIcon;
				ASSETCATALOG_COMPILER_GLOBAL_ACCENT_COLOR_NAME = AccentColor;
				CODE_SIGN_STYLE = Automatic;
				CURRENT_PROJECT_VERSION = 1;
				DEVELOPMENT_TEAM = B7LLQM9V59;
				GENERATE_INFOPLIST_FILE = YES;
				INFOPLIST_FILE = ARCoins/Info.plist;
				INFOPLIST_KEY_NSCameraUsageDescription = "";
				INFOPLIST_KEY_NSLocationAlwaysAndWhenInUseUsageDescription = Localisation;
				INFOPLIST_KEY_NSLocationAlwaysUsageDescription = Localisation;
				INFOPLIST_KEY_NSLocationUsageDescription = Localisation;
				INFOPLIST_KEY_NSLocationWhenInUseUsageDescription = Localisation;
				INFOPLIST_KEY_UIApplicationSupportsIndirectInputEvents = YES;
				INFOPLIST_KEY_UILaunchStoryboardName = LaunchScreen;
				INFOPLIST_KEY_UIRequiredDeviceCapabilities = arkit;
				INFOPLIST_KEY_UIStatusBarHidden = YES;
				INFOPLIST_KEY_UISupportedInterfaceOrientations_iPad = "UIInterfaceOrientationPortrait UIInterfaceOrientationPortraitUpsideDown UIInterfaceOrientationLandscapeLeft UIInterfaceOrientationLandscapeRight";
				INFOPLIST_KEY_UISupportedInterfaceOrientations_iPhone = "UIInterfaceOrientationPortrait UIInterfaceOrientationLandscapeLeft UIInterfaceOrientationLandscapeRight";
				LD_RUNPATH_SEARCH_PATHS = (
					"$(inherited)",
					"@executable_path/Frameworks",
				);
				MARKETING_VERSION = 1.0;
				PRODUCT_BUNDLE_IDENTIFIER = fr.thibma.ARCoins;
				PRODUCT_NAME = "$(TARGET_NAME)";
				SWIFT_EMIT_LOC_STRINGS = YES;
				SWIFT_VERSION = 5.0;
				TARGETED_DEVICE_FAMILY = "1,2";
			};
			name = Debug;
		};
		931858FE279EB7AA009B0B6D /* Release */ = {
			isa = XCBuildConfiguration;
			buildSettings = {
				ASSETCATALOG_COMPILER_APPICON_NAME = AppIcon;
				ASSETCATALOG_COMPILER_GLOBAL_ACCENT_COLOR_NAME = AccentColor;
				CODE_SIGN_STYLE = Automatic;
				CURRENT_PROJECT_VERSION = 1;
				DEVELOPMENT_TEAM = B7LLQM9V59;
				GENERATE_INFOPLIST_FILE = YES;
				INFOPLIST_FILE = ARCoins/Info.plist;
				INFOPLIST_KEY_NSCameraUsageDescription = "";
				INFOPLIST_KEY_NSLocationAlwaysAndWhenInUseUsageDescription = Localisation;
				INFOPLIST_KEY_NSLocationAlwaysUsageDescription = Localisation;
				INFOPLIST_KEY_NSLocationUsageDescription = Localisation;
				INFOPLIST_KEY_NSLocationWhenInUseUsageDescription = Localisation;
				INFOPLIST_KEY_UIApplicationSupportsIndirectInputEvents = YES;
				INFOPLIST_KEY_UILaunchStoryboardName = LaunchScreen;
				INFOPLIST_KEY_UIRequiredDeviceCapabilities = arkit;
				INFOPLIST_KEY_UIStatusBarHidden = YES;
				INFOPLIST_KEY_UISupportedInterfaceOrientations_iPad = "UIInterfaceOrientationPortrait UIInterfaceOrientationPortraitUpsideDown UIInterfaceOrientationLandscapeLeft UIInterfaceOrientationLandscapeRight";
				INFOPLIST_KEY_UISupportedInterfaceOrientations_iPhone = "UIInterfaceOrientationPortrait UIInterfaceOrientationLandscapeLeft UIInterfaceOrientationLandscapeRight";
				LD_RUNPATH_SEARCH_PATHS = (
					"$(inherited)",
					"@executable_path/Frameworks",
				);
				MARKETING_VERSION = 1.0;
				PRODUCT_BUNDLE_IDENTIFIER = fr.thibma.ARCoins;
				PRODUCT_NAME = "$(TARGET_NAME)";
				SWIFT_EMIT_LOC_STRINGS = YES;
				SWIFT_VERSION = 5.0;
				TARGETED_DEVICE_FAMILY = "1,2";
			};
			name = Release;
		};
/* End XCBuildConfiguration section */

/* Begin XCConfigurationList section */
		931858E4279EB7A8009B0B6D /* Build configuration list for PBXProject "ARCoins" */ = {
			isa = XCConfigurationList;
			buildConfigurations = (
				931858FA279EB7AA009B0B6D /* Debug */,
				931858FB279EB7AA009B0B6D /* Release */,
			);
			defaultConfigurationIsVisible = 0;
			defaultConfigurationName = Release;
		};
		931858FC279EB7AA009B0B6D /* Build configuration list for PBXNativeTarget "ARCoins" */ = {
			isa = XCConfigurationList;
			buildConfigurations = (
				931858FD279EB7AA009B0B6D /* Debug */,
				931858FE279EB7AA009B0B6D /* Release */,
			);
			defaultConfigurationIsVisible = 0;
			defaultConfigurationName = Release;
		};
/* End XCConfigurationList section */
	};
	rootObject = 931858E1279EB7A8009B0B6D /* Project object */;
}
